
Microsoft Visual Studio Solution File, Format Version 12.00
# Visual Studio Version 17
VisualStudioVersion = 17.6.33829.357
MinimumVisualStudioVersion = 10.0.40219.1
Project("{FAE04EC0-301F-11D3-BF4B-00C04F79EFBC}") = "Examen1Progra1", "Examen1Progra1.csproj", "{9E7448EA-1F35-4C46-ADE0-4FBAA68AD9C0}"
EndProject
Global
	GlobalSection(SolutionConfigurationPlatforms) = preSolution
		Debug|Any CPU = Debug|Any CPU
		Release|Any CPU = Release|Any CPU
	EndGlobalSection
	GlobalSection(ProjectConfigurationPlatforms) = postSolution
		{9E7448EA-1F35-4C46-ADE0-4FBAA68AD9C0}.Debug|Any CPU.ActiveCfg = Debug|Any CPU
		{9E7448EA-1F35-4C46-ADE0-4FBAA68AD9C0}.Debug|Any CPU.Build.0 = Debug|Any CPU
		{9E7448EA-1F35-4C46-ADE0-4FBAA68AD9C0}.Release|Any CPU.ActiveCfg = Release|Any CPU
		{9E7448EA-1F35-4C46-ADE0-4FBAA68AD9C0}.Release|Any CPU.Build.0 = Release|Any CPU
	EndGlobalSection
	GlobalSection(SolutionProperties) = preSolution
		HideSolutionNode = FALSE
	EndGlobalSection
	GlobalSection(ExtensibilityGlobals) = postSolution
		SolutionGuid = {51580325-B4E7-41E7-8554-448C3B66F092}
	EndGlobalSection
EndGlobal
